// !$*UTF8*$!
{
	archiveVersion = 1;
	classes = {
	};
	objectVersion = 56;
	objects = {

/* Begin PBXBuildFile section */
		06460CEB2A99E349CDDBB229 /* Pods_CNNBonaFide.framework in Frameworks */ = {isa = PBXBuildFile; fileRef = 4035A3710918EF5910B5A109 /* Pods_CNNBonaFide.framework */; };
		5D0FC6A02A8B5DA500C29CEC /* NavigationalButton.swift in Sources */ = {isa = PBXBuildFile; fileRef = 5D0FC69F2A8B5DA500C29CEC /* NavigationalButton.swift */; };
		5D0FC6A22A8B96E200C29CEC /* NewsByCategoryView.swift in Sources */ = {isa = PBXBuildFile; fileRef = 5D0FC6A12A8B96E200C29CEC /* NewsByCategoryView.swift */; };
		5D0FC6A62A8BC0EA00C29CEC /* NewsViewModel.swift in Sources */ = {isa = PBXBuildFile; fileRef = 5D0FC6A52A8BC0EA00C29CEC /* NewsViewModel.swift */; };
		5D0FC6AC2A8C872500C29CEC /* ClickableCategoryButtonsStackScrollable.swift in Sources */ = {isa = PBXBuildFile; fileRef = 5D0FC6AB2A8C872500C29CEC /* ClickableCategoryButtonsStackScrollable.swift */; };
		5D0FC6AE2A8C88E200C29CEC /* NavigationViewModel.swift in Sources */ = {isa = PBXBuildFile; fileRef = 5D0FC6AD2A8C88E200C29CEC /* NavigationViewModel.swift */; };
		5D14C4CB2A93474F00CB1C40 /* SearchResultsView.swift in Sources */ = {isa = PBXBuildFile; fileRef = 5D14C4CA2A93474F00CB1C40 /* SearchResultsView.swift */; };
		5D4932D02A8F0F2A00625035 /* FeedContentView.swift in Sources */ = {isa = PBXBuildFile; fileRef = 5D4932CF2A8F0F2A00625035 /* FeedContentView.swift */; };
		5D4932D42A8F13EF00625035 /* LoadingSpinner.swift in Sources */ = {isa = PBXBuildFile; fileRef = 5D4932D32A8F13EF00625035 /* LoadingSpinner.swift */; };
		5DFDF2572A87623500B7A1AB /* CNNBonaFideApp.swift in Sources */ = {isa = PBXBuildFile; fileRef = 5DFDF2562A87623500B7A1AB /* CNNBonaFideApp.swift */; };
		5DFDF2592A87623500B7A1AB /* ContentView.swift in Sources */ = {isa = PBXBuildFile; fileRef = 5DFDF2582A87623500B7A1AB /* ContentView.swift */; };
		5DFDF25B2A87623700B7A1AB /* Assets.xcassets in Resources */ = {isa = PBXBuildFile; fileRef = 5DFDF25A2A87623700B7A1AB /* Assets.xcassets */; };
		5DFDF25E2A87623700B7A1AB /* Preview Assets.xcassets in Resources */ = {isa = PBXBuildFile; fileRef = 5DFDF25D2A87623700B7A1AB /* Preview Assets.xcassets */; };
		5DFDF26A2A87675300B7A1AB /* NewsAPIServices.swift in Sources */ = {isa = PBXBuildFile; fileRef = 5DFDF2692A87675300B7A1AB /* NewsAPIServices.swift */; };
		5DFDF26D2A876C4D00B7A1AB /* NewsResponseModel.swift in Sources */ = {isa = PBXBuildFile; fileRef = 5DFDF26C2A876C4D00B7A1AB /* NewsResponseModel.swift */; };
		5DFDF2702A877CD900B7A1AB /* MyNavigationStack.swift in Sources */ = {isa = PBXBuildFile; fileRef = 5DFDF26F2A877CD900B7A1AB /* MyNavigationStack.swift */; };
		5DFDF2732A87ABA600B7A1AB /* TopNavBar.swift in Sources */ = {isa = PBXBuildFile; fileRef = 5DFDF2722A87ABA600B7A1AB /* TopNavBar.swift */; };
		5DFDF2752A87C01100B7A1AB /* FillImageCardView.swift in Sources */ = {isa = PBXBuildFile; fileRef = 5DFDF2742A87C01100B7A1AB /* FillImageCardView.swift */; };
		5DFDF27B2A87DB9900B7A1AB /* ImageAPIServices.swift in Sources */ = {isa = PBXBuildFile; fileRef = 5DFDF27A2A87DB9900B7A1AB /* ImageAPIServices.swift */; };
		5DFDF27D2A87DCFF00B7A1AB /* ImageService.swift in Sources */ = {isa = PBXBuildFile; fileRef = 5DFDF27C2A87DCFF00B7A1AB /* ImageService.swift */; };
		5DFDF27F2A87E28200B7A1AB /* SkeletonView.swift in Sources */ = {isa = PBXBuildFile; fileRef = 5DFDF27E2A87E28200B7A1AB /* SkeletonView.swift */; };
		5DFDF2812A887C1E00B7A1AB /* ImageView.swift in Sources */ = {isa = PBXBuildFile; fileRef = 5DFDF2802A887C1E00B7A1AB /* ImageView.swift */; };
		5DFDF2832A8884DB00B7A1AB /* ResizableImageView.swift in Sources */ = {isa = PBXBuildFile; fileRef = 5DFDF2822A8884DB00B7A1AB /* ResizableImageView.swift */; };
		5DFDF2852A889FED00B7A1AB /* HorizontalNewsCard.swift in Sources */ = {isa = PBXBuildFile; fileRef = 5DFDF2842A889FED00B7A1AB /* HorizontalNewsCard.swift */; };
		5DFDF2872A88B33700B7A1AB /* NewsDetailView.swift in Sources */ = {isa = PBXBuildFile; fileRef = 5DFDF2862A88B33700B7A1AB /* NewsDetailView.swift */; };
		5DFDF2892A88C39E00B7A1AB /* CategoryDeterminatorLabel.swift in Sources */ = {isa = PBXBuildFile; fileRef = 5DFDF2882A88C39E00B7A1AB /* CategoryDeterminatorLabel.swift */; };
		5DFDF28B2A891D5400B7A1AB /* NewsExploreView.swift in Sources */ = {isa = PBXBuildFile; fileRef = 5DFDF28A2A891D5400B7A1AB /* NewsExploreView.swift */; };
		5DFDF2B02A8A689900B7A1AB /* VerticalNewsCard.swift in Sources */ = {isa = PBXBuildFile; fileRef = 5DFDF2AF2A8A689900B7A1AB /* VerticalNewsCard.swift */; };
		5DFDF2B22A8B025100B7A1AB /* NewsFeedVIew.swift in Sources */ = {isa = PBXBuildFile; fileRef = 5DFDF2B12A8B025100B7A1AB /* NewsFeedVIew.swift */; };
/* End PBXBuildFile section */

/* Begin PBXFileReference section */
		213032DE0A7EB98FD80BD8DB /* Pods-CNNBonaFide.release.xcconfig */ = {isa = PBXFileReference; includeInIndex = 1; lastKnownFileType = text.xcconfig; name = "Pods-CNNBonaFide.release.xcconfig"; path = "Target Support Files/Pods-CNNBonaFide/Pods-CNNBonaFide.release.xcconfig"; sourceTree = "<group>"; };
		4035A3710918EF5910B5A109 /* Pods_CNNBonaFide.framework */ = {isa = PBXFileReference; explicitFileType = wrapper.framework; includeInIndex = 0; path = Pods_CNNBonaFide.framework; sourceTree = BUILT_PRODUCTS_DIR; };
		5D0FC69F2A8B5DA500C29CEC /* NavigationalButton.swift */ = {isa = PBXFileReference; lastKnownFileType = sourcecode.swift; path = NavigationalButton.swift; sourceTree = "<group>"; };
		5D0FC6A12A8B96E200C29CEC /* NewsByCategoryView.swift */ = {isa = PBXFileReference; lastKnownFileType = sourcecode.swift; path = NewsByCategoryView.swift; sourceTree = "<group>"; };
		5D0FC6A52A8BC0EA00C29CEC /* NewsViewModel.swift */ = {isa = PBXFileReference; lastKnownFileType = sourcecode.swift; path = NewsViewModel.swift; sourceTree = "<group>"; };
		5D0FC6AB2A8C872500C29CEC /* ClickableCategoryButtonsStackScrollable.swift */ = {isa = PBXFileReference; lastKnownFileType = sourcecode.swift; path = ClickableCategoryButtonsStackScrollable.swift; sourceTree = "<group>"; };
		5D0FC6AD2A8C88E200C29CEC /* NavigationViewModel.swift */ = {isa = PBXFileReference; lastKnownFileType = sourcecode.swift; path = NavigationViewModel.swift; sourceTree = "<group>"; };
		5D14C4CA2A93474F00CB1C40 /* SearchResultsView.swift */ = {isa = PBXFileReference; lastKnownFileType = sourcecode.swift; path = SearchResultsView.swift; sourceTree = "<group>"; };
		5D4932CF2A8F0F2A00625035 /* FeedContentView.swift */ = {isa = PBXFileReference; lastKnownFileType = sourcecode.swift; path = FeedContentView.swift; sourceTree = "<group>"; };
		5D4932D32A8F13EF00625035 /* LoadingSpinner.swift */ = {isa = PBXFileReference; lastKnownFileType = sourcecode.swift; path = LoadingSpinner.swift; sourceTree = "<group>"; };
		5DFDF2532A87623500B7A1AB /* CNNBonaFide.app */ = {isa = PBXFileReference; explicitFileType = wrapper.application; includeInIndex = 0; path = CNNBonaFide.app; sourceTree = BUILT_PRODUCTS_DIR; };
		5DFDF2562A87623500B7A1AB /* CNNBonaFideApp.swift */ = {isa = PBXFileReference; lastKnownFileType = sourcecode.swift; path = CNNBonaFideApp.swift; sourceTree = "<group>"; };
		5DFDF2582A87623500B7A1AB /* ContentView.swift */ = {isa = PBXFileReference; lastKnownFileType = sourcecode.swift; path = ContentView.swift; sourceTree = "<group>"; };
		5DFDF25A2A87623700B7A1AB /* Assets.xcassets */ = {isa = PBXFileReference; lastKnownFileType = folder.assetcatalog; path = Assets.xcassets; sourceTree = "<group>"; };
		5DFDF25D2A87623700B7A1AB /* Preview Assets.xcassets */ = {isa = PBXFileReference; lastKnownFileType = folder.assetcatalog; path = "Preview Assets.xcassets"; sourceTree = "<group>"; };
		5DFDF2692A87675300B7A1AB /* NewsAPIServices.swift */ = {isa = PBXFileReference; lastKnownFileType = sourcecode.swift; path = NewsAPIServices.swift; sourceTree = "<group>"; };
		5DFDF26C2A876C4D00B7A1AB /* NewsResponseModel.swift */ = {isa = PBXFileReference; lastKnownFileType = sourcecode.swift; path = NewsResponseModel.swift; sourceTree = "<group>"; };
		5DFDF26F2A877CD900B7A1AB /* MyNavigationStack.swift */ = {isa = PBXFileReference; lastKnownFileType = sourcecode.swift; path = MyNavigationStack.swift; sourceTree = "<group>"; };
		5DFDF2712A87A22200B7A1AB /* Info.plist */ = {isa = PBXFileReference; lastKnownFileType = text.plist; path = Info.plist; sourceTree = "<group>"; };
		5DFDF2722A87ABA600B7A1AB /* TopNavBar.swift */ = {isa = PBXFileReference; lastKnownFileType = sourcecode.swift; path = TopNavBar.swift; sourceTree = "<group>"; };
		5DFDF2742A87C01100B7A1AB /* FillImageCardView.swift */ = {isa = PBXFileReference; lastKnownFileType = sourcecode.swift; path = FillImageCardView.swift; sourceTree = "<group>"; };
		5DFDF27A2A87DB9900B7A1AB /* ImageAPIServices.swift */ = {isa = PBXFileReference; lastKnownFileType = sourcecode.swift; path = ImageAPIServices.swift; sourceTree = "<group>"; };
		5DFDF27C2A87DCFF00B7A1AB /* ImageService.swift */ = {isa = PBXFileReference; lastKnownFileType = sourcecode.swift; path = ImageService.swift; sourceTree = "<group>"; };
		5DFDF27E2A87E28200B7A1AB /* SkeletonView.swift */ = {isa = PBXFileReference; lastKnownFileType = sourcecode.swift; path = SkeletonView.swift; sourceTree = "<group>"; };
		5DFDF2802A887C1E00B7A1AB /* ImageView.swift */ = {isa = PBXFileReference; lastKnownFileType = sourcecode.swift; path = ImageView.swift; sourceTree = "<group>"; };
		5DFDF2822A8884DB00B7A1AB /* ResizableImageView.swift */ = {isa = PBXFileReference; lastKnownFileType = sourcecode.swift; path = ResizableImageView.swift; sourceTree = "<group>"; };
		5DFDF2842A889FED00B7A1AB /* HorizontalNewsCard.swift */ = {isa = PBXFileReference; lastKnownFileType = sourcecode.swift; path = HorizontalNewsCard.swift; sourceTree = "<group>"; };
		5DFDF2862A88B33700B7A1AB /* NewsDetailView.swift */ = {isa = PBXFileReference; lastKnownFileType = sourcecode.swift; path = NewsDetailView.swift; sourceTree = "<group>"; };
		5DFDF2882A88C39E00B7A1AB /* CategoryDeterminatorLabel.swift */ = {isa = PBXFileReference; lastKnownFileType = sourcecode.swift; path = CategoryDeterminatorLabel.swift; sourceTree = "<group>"; };
		5DFDF28A2A891D5400B7A1AB /* NewsExploreView.swift */ = {isa = PBXFileReference; lastKnownFileType = sourcecode.swift; path = NewsExploreView.swift; sourceTree = "<group>"; };
		5DFDF2AF2A8A689900B7A1AB /* VerticalNewsCard.swift */ = {isa = PBXFileReference; lastKnownFileType = sourcecode.swift; path = VerticalNewsCard.swift; sourceTree = "<group>"; };
		5DFDF2B12A8B025100B7A1AB /* NewsFeedVIew.swift */ = {isa = PBXFileReference; lastKnownFileType = sourcecode.swift; path = NewsFeedVIew.swift; sourceTree = "<group>"; };
		DA47828BC8E38292BA40138B /* Pods-CNNBonaFide.debug.xcconfig */ = {isa = PBXFileReference; includeInIndex = 1; lastKnownFileType = text.xcconfig; name = "Pods-CNNBonaFide.debug.xcconfig"; path = "Target Support Files/Pods-CNNBonaFide/Pods-CNNBonaFide.debug.xcconfig"; sourceTree = "<group>"; };
/* End PBXFileReference section */

/* Begin PBXFrameworksBuildPhase section */
		5DFDF2502A87623500B7A1AB /* Frameworks */ = {
			isa = PBXFrameworksBuildPhase;
			buildActionMask = 2147483647;
			files = (
				06460CEB2A99E349CDDBB229 /* Pods_CNNBonaFide.framework in Frameworks */,
			);
			runOnlyForDeploymentPostprocessing = 0;
		};
/* End PBXFrameworksBuildPhase section */

/* Begin PBXGroup section */
		3605D252927E6A7CEDB4CB41 /* Pods */ = {
			isa = PBXGroup;
			children = (
				DA47828BC8E38292BA40138B /* Pods-CNNBonaFide.debug.xcconfig */,
				213032DE0A7EB98FD80BD8DB /* Pods-CNNBonaFide.release.xcconfig */,
			);
			path = Pods;
			sourceTree = "<group>";
		};
		4E944DCFBA58FE9E685A5A5F /* Frameworks */ = {
			isa = PBXGroup;
			children = (
				4035A3710918EF5910B5A109 /* Pods_CNNBonaFide.framework */,
			);
			name = Frameworks;
			sourceTree = "<group>";
		};
		5D0FC6A32A8BBA7600C29CEC /* ViewModels */ = {
			isa = PBXGroup;
			children = (
				5D0FC6A52A8BC0EA00C29CEC /* NewsViewModel.swift */,
				5D0FC6AD2A8C88E200C29CEC /* NavigationViewModel.swift */,
			);
			path = ViewModels;
			sourceTree = "<group>";
		};
		5D0FC6A42A8BBA8500C29CEC /* Views */ = {
			isa = PBXGroup;
			children = (
				5DFDF2B12A8B025100B7A1AB /* NewsFeedVIew.swift */,
				5DFDF2862A88B33700B7A1AB /* NewsDetailView.swift */,
				5DFDF28A2A891D5400B7A1AB /* NewsExploreView.swift */,
				5D0FC6A12A8B96E200C29CEC /* NewsByCategoryView.swift */,
			);
			path = Views;
			sourceTree = "<group>";
		};
		5DFDF24A2A87623500B7A1AB = {
			isa = PBXGroup;
			children = (
				5DFDF2552A87623500B7A1AB /* CNNBonaFide */,
				5DFDF2542A87623500B7A1AB /* Products */,
				3605D252927E6A7CEDB4CB41 /* Pods */,
				4E944DCFBA58FE9E685A5A5F /* Frameworks */,
			);
			sourceTree = "<group>";
		};
		5DFDF2542A87623500B7A1AB /* Products */ = {
			isa = PBXGroup;
			children = (
				5DFDF2532A87623500B7A1AB /* CNNBonaFide.app */,
			);
			name = Products;
			sourceTree = "<group>";
		};
		5DFDF2552A87623500B7A1AB /* CNNBonaFide */ = {
			isa = PBXGroup;
			children = (
				5D0FC6A42A8BBA8500C29CEC /* Views */,
				5DFDF2712A87A22200B7A1AB /* Info.plist */,
				5DFDF26E2A877CB100B7A1AB /* Components */,
				5DFDF26B2A876C3600B7A1AB /* Models */,
				5D0FC6A32A8BBA7600C29CEC /* ViewModels */,
				5DFDF2642A87627100B7A1AB /* Services */,
				5DFDF2562A87623500B7A1AB /* CNNBonaFideApp.swift */,
				5DFDF2582A87623500B7A1AB /* ContentView.swift */,
				5DFDF25A2A87623700B7A1AB /* Assets.xcassets */,
				5DFDF25C2A87623700B7A1AB /* Preview Content */,
			);
			path = CNNBonaFide;
			sourceTree = "<group>";
		};
		5DFDF25C2A87623700B7A1AB /* Preview Content */ = {
			isa = PBXGroup;
			children = (
				5DFDF25D2A87623700B7A1AB /* Preview Assets.xcassets */,
			);
			path = "Preview Content";
			sourceTree = "<group>";
		};
		5DFDF2642A87627100B7A1AB /* Services */ = {
			isa = PBXGroup;
			children = (
				5DFDF2792A87DA3F00B7A1AB /* Image */,
				5DFDF2782A87DA2A00B7A1AB /* News */,
			);
			path = Services;
			sourceTree = "<group>";
		};
		5DFDF26B2A876C3600B7A1AB /* Models */ = {
			isa = PBXGroup;
			children = (
				5DFDF26C2A876C4D00B7A1AB /* NewsResponseModel.swift */,
			);
			path = Models;
			sourceTree = "<group>";
		};
		5DFDF26E2A877CB100B7A1AB /* Components */ = {
			isa = PBXGroup;
			children = (
				5DFDF26F2A877CD900B7A1AB /* MyNavigationStack.swift */,
				5DFDF2722A87ABA600B7A1AB /* TopNavBar.swift */,
				5DFDF2742A87C01100B7A1AB /* FillImageCardView.swift */,
				5DFDF27E2A87E28200B7A1AB /* SkeletonView.swift */,
				5DFDF2802A887C1E00B7A1AB /* ImageView.swift */,
				5DFDF2822A8884DB00B7A1AB /* ResizableImageView.swift */,
				5DFDF2842A889FED00B7A1AB /* HorizontalNewsCard.swift */,
				5DFDF2882A88C39E00B7A1AB /* CategoryDeterminatorLabel.swift */,
				5DFDF2AF2A8A689900B7A1AB /* VerticalNewsCard.swift */,
				5D0FC69F2A8B5DA500C29CEC /* NavigationalButton.swift */,
				5D0FC6AB2A8C872500C29CEC /* ClickableCategoryButtonsStackScrollable.swift */,
				5D4932CF2A8F0F2A00625035 /* FeedContentView.swift */,
				5D4932D32A8F13EF00625035 /* LoadingSpinner.swift */,
				5D14C4CA2A93474F00CB1C40 /* SearchResultsView.swift */,
			);
			path = Components;
			sourceTree = "<group>";
		};
		5DFDF2782A87DA2A00B7A1AB /* News */ = {
			isa = PBXGroup;
			children = (
				5DFDF2692A87675300B7A1AB /* NewsAPIServices.swift */,
			);
			path = News;
			sourceTree = "<group>";
		};
		5DFDF2792A87DA3F00B7A1AB /* Image */ = {
			isa = PBXGroup;
			children = (
				5DFDF27A2A87DB9900B7A1AB /* ImageAPIServices.swift */,
				5DFDF27C2A87DCFF00B7A1AB /* ImageService.swift */,
			);
			path = Image;
			sourceTree = "<group>";
		};
/* End PBXGroup section */

/* Begin PBXNativeTarget section */
		5DFDF2522A87623500B7A1AB /* CNNBonaFide */ = {
			isa = PBXNativeTarget;
			buildConfigurationList = 5DFDF2612A87623700B7A1AB /* Build configuration list for PBXNativeTarget "CNNBonaFide" */;
			buildPhases = (
				ADB0931BC83CCFC421045D0F /* [CP] Check Pods Manifest.lock */,
				5DFDF24F2A87623500B7A1AB /* Sources */,
				5DFDF2502A87623500B7A1AB /* Frameworks */,
				5DFDF2512A87623500B7A1AB /* Resources */,
				D26E23BD2B18FD083711CA5E /* [CP] Embed Pods Frameworks */,
			);
			buildRules = (
			);
			dependencies = (
			);
			name = CNNBonaFide;
			productName = CNNBonaFide;
			productReference = 5DFDF2532A87623500B7A1AB /* CNNBonaFide.app */;
			productType = "com.apple.product-type.application";
		};
/* End PBXNativeTarget section */

/* Begin PBXProject section */
		5DFDF24B2A87623500B7A1AB /* Project object */ = {
			isa = PBXProject;
			attributes = {
				BuildIndependentTargetsInParallel = 1;
				LastSwiftUpdateCheck = 1420;
				LastUpgradeCheck = 1420;
				TargetAttributes = {
					5DFDF2522A87623500B7A1AB = {
						CreatedOnToolsVersion = 14.2;
					};
				};
			};
			buildConfigurationList = 5DFDF24E2A87623500B7A1AB /* Build configuration list for PBXProject "CNNBonaFide" */;
			compatibilityVersion = "Xcode 14.0";
			developmentRegion = en;
			hasScannedForEncodings = 0;
			knownRegions = (
				en,
				Base,
			);
			mainGroup = 5DFDF24A2A87623500B7A1AB;
			productRefGroup = 5DFDF2542A87623500B7A1AB /* Products */;
			projectDirPath = "";
			projectRoot = "";
			targets = (
				5DFDF2522A87623500B7A1AB /* CNNBonaFide */,
			);
		};
/* End PBXProject section */

/* Begin PBXResourcesBuildPhase section */
		5DFDF2512A87623500B7A1AB /* Resources */ = {
			isa = PBXResourcesBuildPhase;
			buildActionMask = 2147483647;
			files = (
				5DFDF25E2A87623700B7A1AB /* Preview Assets.xcassets in Resources */,
				5DFDF25B2A87623700B7A1AB /* Assets.xcassets in Resources */,
			);
			runOnlyForDeploymentPostprocessing = 0;
		};
/* End PBXResourcesBuildPhase section */

/* Begin PBXShellScriptBuildPhase section */
		ADB0931BC83CCFC421045D0F /* [CP] Check Pods Manifest.lock */ = {
			isa = PBXShellScriptBuildPhase;
			buildActionMask = 2147483647;
			files = (
			);
			inputFileListPaths = (
			);
			inputPaths = (
				"${PODS_PODFILE_DIR_PATH}/Podfile.lock",
				"${PODS_ROOT}/Manifest.lock",
			);
			name = "[CP] Check Pods Manifest.lock";
			outputFileListPaths = (
			);
			outputPaths = (
				"$(DERIVED_FILE_DIR)/Pods-CNNBonaFide-checkManifestLockResult.txt",
			);
			runOnlyForDeploymentPostprocessing = 0;
			shellPath = /bin/sh;
			shellScript = "diff \"${PODS_PODFILE_DIR_PATH}/Podfile.lock\" \"${PODS_ROOT}/Manifest.lock\" > /dev/null\nif [ $? != 0 ] ; then\n    # print error to STDERR\n    echo \"error: The sandbox is not in sync with the Podfile.lock. Run 'pod install' or update your CocoaPods installation.\" >&2\n    exit 1\nfi\n# This output is used by Xcode 'outputs' to avoid re-running this script phase.\necho \"SUCCESS\" > \"${SCRIPT_OUTPUT_FILE_0}\"\n";
			showEnvVarsInLog = 0;
		};
		D26E23BD2B18FD083711CA5E /* [CP] Embed Pods Frameworks */ = {
			isa = PBXShellScriptBuildPhase;
			buildActionMask = 2147483647;
			files = (
			);
			inputFileListPaths = (
				"${PODS_ROOT}/Target Support Files/Pods-CNNBonaFide/Pods-CNNBonaFide-frameworks-${CONFIGURATION}-input-files.xcfilelist",
			);
			name = "[CP] Embed Pods Frameworks";
			outputFileListPaths = (
				"${PODS_ROOT}/Target Support Files/Pods-CNNBonaFide/Pods-CNNBonaFide-frameworks-${CONFIGURATION}-output-files.xcfilelist",
			);
			runOnlyForDeploymentPostprocessing = 0;
			shellPath = /bin/sh;
			shellScript = "\"${PODS_ROOT}/Target Support Files/Pods-CNNBonaFide/Pods-CNNBonaFide-frameworks.sh\"\n";
			showEnvVarsInLog = 0;
		};
/* End PBXShellScriptBuildPhase section */

/* Begin PBXSourcesBuildPhase section */
		5DFDF24F2A87623500B7A1AB /* Sources */ = {
			isa = PBXSourcesBuildPhase;
			buildActionMask = 2147483647;
			files = (
				5DFDF2812A887C1E00B7A1AB /* ImageView.swift in Sources */,
				5D0FC6A02A8B5DA500C29CEC /* NavigationalButton.swift in Sources */,
				5D4932D02A8F0F2A00625035 /* FeedContentView.swift in Sources */,
				5D0FC6A22A8B96E200C29CEC /* NewsByCategoryView.swift in Sources */,
				5DFDF2852A889FED00B7A1AB /* HorizontalNewsCard.swift in Sources */,
				5DFDF2832A8884DB00B7A1AB /* ResizableImageView.swift in Sources */,
				5DFDF2B02A8A689900B7A1AB /* VerticalNewsCard.swift in Sources */,
				5DFDF2872A88B33700B7A1AB /* NewsDetailView.swift in Sources */,
				5D0FC6AE2A8C88E200C29CEC /* NavigationViewModel.swift in Sources */,
				5DFDF2B22A8B025100B7A1AB /* NewsFeedVIew.swift in Sources */,
				5DFDF2752A87C01100B7A1AB /* FillImageCardView.swift in Sources */,
				5D0FC6AC2A8C872500C29CEC /* ClickableCategoryButtonsStackScrollable.swift in Sources */,
				5DFDF2892A88C39E00B7A1AB /* CategoryDeterminatorLabel.swift in Sources */,
				5DFDF2592A87623500B7A1AB /* ContentView.swift in Sources */,
				5DFDF28B2A891D5400B7A1AB /* NewsExploreView.swift in Sources */,
				5DFDF27D2A87DCFF00B7A1AB /* ImageService.swift in Sources */,
				5D4932D42A8F13EF00625035 /* LoadingSpinner.swift in Sources */,
				5D14C4CB2A93474F00CB1C40 /* SearchResultsView.swift in Sources */,
				5DFDF2702A877CD900B7A1AB /* MyNavigationStack.swift in Sources */,
				5DFDF27F2A87E28200B7A1AB /* SkeletonView.swift in Sources */,
				5DFDF26A2A87675300B7A1AB /* NewsAPIServices.swift in Sources */,
				5D0FC6A62A8BC0EA00C29CEC /* NewsViewModel.swift in Sources */,
				5DFDF26D2A876C4D00B7A1AB /* NewsResponseModel.swift in Sources */,
				5DFDF27B2A87DB9900B7A1AB /* ImageAPIServices.swift in Sources */,
				5DFDF2732A87ABA600B7A1AB /* TopNavBar.swift in Sources */,
				5DFDF2572A87623500B7A1AB /* CNNBonaFideApp.swift in Sources */,
			);
			runOnlyForDeploymentPostprocessing = 0;
		};
/* End PBXSourcesBuildPhase section */

/* Begin XCBuildConfiguration section */
		5DFDF25F2A87623700B7A1AB /* Debug */ = {
			isa = XCBuildConfiguration;
			buildSettings = {
				ALWAYS_SEARCH_USER_PATHS = NO;
				CLANG_ANALYZER_NONNULL = YES;
				CLANG_ANALYZER_NUMBER_OBJECT_CONVERSION = YES_AGGRESSIVE;
				CLANG_CXX_LANGUAGE_STANDARD = "gnu++20";
				CLANG_ENABLE_MODULES = YES;
				CLANG_ENABLE_OBJC_ARC = YES;
				CLANG_ENABLE_OBJC_WEAK = YES;
				CLANG_WARN_BLOCK_CAPTURE_AUTORELEASING = YES;
				CLANG_WARN_BOOL_CONVERSION = YES;
				CLANG_WARN_COMMA = YES;
				CLANG_WARN_CONSTANT_CONVERSION = YES;
				CLANG_WARN_DEPRECATED_OBJC_IMPLEMENTATIONS = YES;
				CLANG_WARN_DIRECT_OBJC_ISA_USAGE = YES_ERROR;
				CLANG_WARN_DOCUMENTATION_COMMENTS = YES;
				CLANG_WARN_EMPTY_BODY = YES;
				CLANG_WARN_ENUM_CONVERSION = YES;
				CLANG_WARN_INFINITE_RECURSION = YES;
				CLANG_WARN_INT_CONVERSION = YES;
				CLANG_WARN_NON_LITERAL_NULL_CONVERSION = YES;
				CLANG_WARN_OBJC_IMPLICIT_RETAIN_SELF = YES;
				CLANG_WARN_OBJC_LITERAL_CONVERSION = YES;
				CLANG_WARN_OBJC_ROOT_CLASS = YES_ERROR;
				CLANG_WARN_QUOTED_INCLUDE_IN_FRAMEWORK_HEADER = YES;
				CLANG_WARN_RANGE_LOOP_ANALYSIS = YES;
				CLANG_WARN_STRICT_PROTOTYPES = YES;
				CLANG_WARN_SUSPICIOUS_MOVE = YES;
				CLANG_WARN_UNGUARDED_AVAILABILITY = YES_AGGRESSIVE;
				CLANG_WARN_UNREACHABLE_CODE = YES;
				CLANG_WARN__DUPLICATE_METHOD_MATCH = YES;
				COPY_PHASE_STRIP = NO;
				DEBUG_INFORMATION_FORMAT = dwarf;
				ENABLE_STRICT_OBJC_MSGSEND = YES;
				ENABLE_TESTABILITY = YES;
				GCC_C_LANGUAGE_STANDARD = gnu11;
				GCC_DYNAMIC_NO_PIC = NO;
				GCC_NO_COMMON_BLOCKS = YES;
				GCC_OPTIMIZATION_LEVEL = 0;
				GCC_PREPROCESSOR_DEFINITIONS = (
					"DEBUG=1",
					"$(inherited)",
				);
				GCC_WARN_64_TO_32_BIT_CONVERSION = YES;
				GCC_WARN_ABOUT_RETURN_TYPE = YES_ERROR;
				GCC_WARN_UNDECLARED_SELECTOR = YES;
				GCC_WARN_UNINITIALIZED_AUTOS = YES_AGGRESSIVE;
				GCC_WARN_UNUSED_FUNCTION = YES;
				GCC_WARN_UNUSED_VARIABLE = YES;
				IPHONEOS_DEPLOYMENT_TARGET = 16.2;
				MTL_ENABLE_DEBUG_INFO = INCLUDE_SOURCE;
				MTL_FAST_MATH = YES;
				ONLY_ACTIVE_ARCH = YES;
				SDKROOT = iphoneos;
				SWIFT_ACTIVE_COMPILATION_CONDITIONS = DEBUG;
				SWIFT_OPTIMIZATION_LEVEL = "-Onone";
			};
			name = Debug;
		};
		5DFDF2602A87623700B7A1AB /* Release */ = {
			isa = XCBuildConfiguration;
			buildSettings = {
				ALWAYS_SEARCH_USER_PATHS = NO;
				CLANG_ANALYZER_NONNULL = YES;
				CLANG_ANALYZER_NUMBER_OBJECT_CONVERSION = YES_AGGRESSIVE;
				CLANG_CXX_LANGUAGE_STANDARD = "gnu++20";
				CLANG_ENABLE_MODULES = YES;
				CLANG_ENABLE_OBJC_ARC = YES;
				CLANG_ENABLE_OBJC_WEAK = YES;
				CLANG_WARN_BLOCK_CAPTURE_AUTORELEASING = YES;
				CLANG_WARN_BOOL_CONVERSION = YES;
				CLANG_WARN_COMMA = YES;
				CLANG_WARN_CONSTANT_CONVERSION = YES;
				CLANG_WARN_DEPRECATED_OBJC_IMPLEMENTATIONS = YES;
				CLANG_WARN_DIRECT_OBJC_ISA_USAGE = YES_ERROR;
				CLANG_WARN_DOCUMENTATION_COMMENTS = YES;
				CLANG_WARN_EMPTY_BODY = YES;
				CLANG_WARN_ENUM_CONVERSION = YES;
				CLANG_WARN_INFINITE_RECURSION = YES;
				CLANG_WARN_INT_CONVERSION = YES;
				CLANG_WARN_NON_LITERAL_NULL_CONVERSION = YES;
				CLANG_WARN_OBJC_IMPLICIT_RETAIN_SELF = YES;
				CLANG_WARN_OBJC_LITERAL_CONVERSION = YES;
				CLANG_WARN_OBJC_ROOT_CLASS = YES_ERROR;
				CLANG_WARN_QUOTED_INCLUDE_IN_FRAMEWORK_HEADER = YES;
				CLANG_WARN_RANGE_LOOP_ANALYSIS = YES;
				CLANG_WARN_STRICT_PROTOTYPES = YES;
				CLANG_WARN_SUSPICIOUS_MOVE = YES;
				CLANG_WARN_UNGUARDED_AVAILABILITY = YES_AGGRESSIVE;
				CLANG_WARN_UNREACHABLE_CODE = YES;
				CLANG_WARN__DUPLICATE_METHOD_MATCH = YES;
				COPY_PHASE_STRIP = NO;
				DEBUG_INFORMATION_FORMAT = "dwarf-with-dsym";
				ENABLE_NS_ASSERTIONS = NO;
				ENABLE_STRICT_OBJC_MSGSEND = YES;
				GCC_C_LANGUAGE_STANDARD = gnu11;
				GCC_NO_COMMON_BLOCKS = YES;
				GCC_WARN_64_TO_32_BIT_CONVERSION = YES;
				GCC_WARN_ABOUT_RETURN_TYPE = YES_ERROR;
				GCC_WARN_UNDECLARED_SELECTOR = YES;
				GCC_WARN_UNINITIALIZED_AUTOS = YES_AGGRESSIVE;
				GCC_WARN_UNUSED_FUNCTION = YES;
				GCC_WARN_UNUSED_VARIABLE = YES;
				IPHONEOS_DEPLOYMENT_TARGET = 16.2;
				MTL_ENABLE_DEBUG_INFO = NO;
				MTL_FAST_MATH = YES;
				SDKROOT = iphoneos;
				SWIFT_COMPILATION_MODE = wholemodule;
				SWIFT_OPTIMIZATION_LEVEL = "-O";
				VALIDATE_PRODUCT = YES;
			};
			name = Release;
		};
		5DFDF2622A87623700B7A1AB /* Debug */ = {
			isa = XCBuildConfiguration;
			baseConfigurationReference = DA47828BC8E38292BA40138B /* Pods-CNNBonaFide.debug.xcconfig */;
			buildSettings = {
				ASSETCATALOG_COMPILER_APPICON_NAME = AppIcon;
				ASSETCATALOG_COMPILER_GLOBAL_ACCENT_COLOR_NAME = AccentColor;
				CODE_SIGN_STYLE = Automatic;
				CURRENT_PROJECT_VERSION = 1;
				DEVELOPMENT_ASSET_PATHS = "\"CNNBonaFide/Preview Content\"";
				ENABLE_PREVIEWS = YES;
				GENERATE_INFOPLIST_FILE = YES;
				INFOPLIST_FILE = CNNBonaFide/Info.plist;
				INFOPLIST_KEY_UIApplicationSceneManifest_Generation = YES;
				INFOPLIST_KEY_UIApplicationSupportsIndirectInputEvents = YES;
				INFOPLIST_KEY_UILaunchScreen_Generation = YES;
				INFOPLIST_KEY_UIStatusBarStyle = UIStatusBarStyleLightContent;
				INFOPLIST_KEY_UISupportedInterfaceOrientations_iPad = "UIInterfaceOrientationPortrait UIInterfaceOrientationPortraitUpsideDown UIInterfaceOrientationLandscapeLeft UIInterfaceOrientationLandscapeRight";
				INFOPLIST_KEY_UISupportedInterfaceOrientations_iPhone = "UIInterfaceOrientationPortrait UIInterfaceOrientationLandscapeLeft UIInterfaceOrientationLandscapeRight";
				LD_RUNPATH_SEARCH_PATHS = (
					"$(inherited)",
					"@executable_path/Frameworks",
				);
				MARKETING_VERSION = 1.0;
				PRODUCT_BUNDLE_IDENTIFIER = "com.final-project.CNNBonaFide";
				PRODUCT_NAME = "$(TARGET_NAME)";
				SWIFT_EMIT_LOC_STRINGS = YES;
				SWIFT_VERSION = 5.0;
				TARGETED_DEVICE_FAMILY = "1,2";
			};
			name = Debug;
		};
		5DFDF2632A87623700B7A1AB /* Release */ = {
			isa = XCBuildConfiguration;
			baseConfigurationReference = 213032DE0A7EB98FD80BD8DB /* Pods-CNNBonaFide.release.xcconfig */;
			buildSettings = {
				ASSETCATALOG_COMPILER_APPICON_NAME = AppIcon;
				ASSETCATALOG_COMPILER_GLOBAL_ACCENT_COLOR_NAME = AccentColor;
				CODE_SIGN_STYLE = Automatic;
				CURRENT_PROJECT_VERSION = 1;
				DEVELOPMENT_ASSET_PATHS = "\"CNNBonaFide/Preview Content\"";
				ENABLE_PREVIEWS = YES;
				GENERATE_INFOPLIST_FILE = YES;
				INFOPLIST_FILE = CNNBonaFide/Info.plist;
				INFOPLIST_KEY_UIApplicationSceneManifest_Generation = YES;
				INFOPLIST_KEY_UIApplicationSupportsIndirectInputEvents = YES;
				INFOPLIST_KEY_UILaunchScreen_Generation = YES;
				INFOPLIST_KEY_UIStatusBarStyle = UIStatusBarStyleLightContent;
				INFOPLIST_KEY_UISupportedInterfaceOrientations_iPad = "UIInterfaceOrientationPortrait UIInterfaceOrientationPortraitUpsideDown UIInterfaceOrientationLandscapeLeft UIInterfaceOrientationLandscapeRight";
				INFOPLIST_KEY_UISupportedInterfaceOrientations_iPhone = "UIInterfaceOrientationPortrait UIInterfaceOrientationLandscapeLeft UIInterfaceOrientationLandscapeRight";
				LD_RUNPATH_SEARCH_PATHS = (
					"$(inherited)",
					"@executable_path/Frameworks",
				);
				MARKETING_VERSION = 1.0;
				PRODUCT_BUNDLE_IDENTIFIER = "com.final-project.CNNBonaFide";
				PRODUCT_NAME = "$(TARGET_NAME)";
				SWIFT_EMIT_LOC_STRINGS = YES;
				SWIFT_VERSION = 5.0;
				TARGETED_DEVICE_FAMILY = "1,2";
			};
			name = Release;
		};
/* End XCBuildConfiguration section */

/* Begin XCConfigurationList section */
		5DFDF24E2A87623500B7A1AB /* Build configuration list for PBXProject "CNNBonaFide" */ = {
			isa = XCConfigurationList;
			buildConfigurations = (
				5DFDF25F2A87623700B7A1AB /* Debug */,
				5DFDF2602A87623700B7A1AB /* Release */,
			);
			defaultConfigurationIsVisible = 0;
			defaultConfigurationName = Release;
		};
		5DFDF2612A87623700B7A1AB /* Build configuration list for PBXNativeTarget "CNNBonaFide" */ = {
			isa = XCConfigurationList;
			buildConfigurations = (
				5DFDF2622A87623700B7A1AB /* Debug */,
				5DFDF2632A87623700B7A1AB /* Release */,
			);
			defaultConfigurationIsVisible = 0;
			defaultConfigurationName = Release;
		};
/* End XCConfigurationList section */
	};
	rootObject = 5DFDF24B2A87623500B7A1AB /* Project object */;
}
